
Microsoft Visual Studio Solution File, Format Version 12.00
# Visual Studio Version 16
VisualStudioVersion = 16.0.30413.136
MinimumVisualStudioVersion = 10.0.40219.1
Project("{FAE04EC0-301F-11D3-BF4B-00C04F79EFBC}") = "iFractal.Android", "iFractal\iFractal.Android\iFractal.Android.csproj", "{BBA6E142-A360-4613-903A-50B842CFC595}"
EndProject
Project("{FAE04EC0-301F-11D3-BF4B-00C04F79EFBC}") = "iFractal.iOS", "iFractal\iFractal.iOS\iFractal.iOS.csproj", "{57C48E8F-F436-43C5-9B72-8EAAFC59D13A}"
EndProject
Project("{FAE04EC0-301F-11D3-BF4B-00C04F79EFBC}") = "iFractal", "iFractal\iFractal\iFractal.csproj", "{3F288B70-351C-4B28-ADA8-697343703B16}"
EndProject
Global
	GlobalSection(SolutionConfigurationPlatforms) = preSolution
		Debug|Any CPU = Debug|Any CPU
		Debug|iPhone = Debug|iPhone
		Debug|iPhoneSimulator = Debug|iPhoneSimulator
		Release|Any CPU = Release|Any CPU
		Release|iPhone = Release|iPhone
		Release|iPhoneSimulator = Release|iPhoneSimulator
	EndGlobalSection
	GlobalSection(ProjectConfigurationPlatforms) = postSolution
		{BBA6E142-A360-4613-903A-50B842CFC595}.Debug|Any CPU.ActiveCfg = Debug|Any CPU
		{BBA6E142-A360-4613-903A-50B842CFC595}.Debug|Any CPU.Build.0 = Debug|Any CPU
		{BBA6E142-A360-4613-903A-50B842CFC595}.Debug|Any CPU.Deploy.0 = Debug|Any CPU
		{BBA6E142-A360-4613-903A-50B842CFC595}.Debug|iPhone.ActiveCfg = Debug|Any CPU
		{BBA6E142-A360-4613-903A-50B842CFC595}.Debug|iPhone.Build.0 = Debug|Any CPU
		{BBA6E142-A360-4613-903A-50B842CFC595}.Debug|iPhone.Deploy.0 = Debug|Any CPU
		{BBA6E142-A360-4613-903A-50B842CFC595}.Debug|iPhoneSimulator.ActiveCfg = Debug|Any CPU
		{BBA6E142-A360-4613-903A-50B842CFC595}.Debug|iPhoneSimulator.Build.0 = Debug|Any CPU
		{BBA6E142-A360-4613-903A-50B842CFC595}.Debug|iPhoneSimulator.Deploy.0 = Debug|Any CPU
		{BBA6E142-A360-4613-903A-50B842CFC595}.Release|Any CPU.ActiveCfg = Release|Any CPU
		{BBA6E142-A360-4613-903A-50B842CFC595}.Release|Any CPU.Build.0 = Release|Any CPU
		{BBA6E142-A360-4613-903A-50B842CFC595}.Release|Any CPU.Deploy.0 = Release|Any CPU
		{BBA6E142-A360-4613-903A-50B842CFC595}.Release|iPhone.ActiveCfg = Release|Any CPU
		{BBA6E142-A360-4613-903A-50B842CFC595}.Release|iPhone.Build.0 = Release|Any CPU
		{BBA6E142-A360-4613-903A-50B842CFC595}.Release|iPhone.Deploy.0 = Release|Any CPU
		{BBA6E142-A360-4613-903A-50B842CFC595}.Release|iPhoneSimulator.ActiveCfg = Release|Any CPU
		{BBA6E142-A360-4613-903A-50B842CFC595}.Release|iPhoneSimulator.Build.0 = Release|Any CPU
		{BBA6E142-A360-4613-903A-50B842CFC595}.Release|iPhoneSimulator.Deploy.0 = Release|Any CPU
		{57C48E8F-F436-43C5-9B72-8EAAFC59D13A}.Debug|Any CPU.ActiveCfg = Debug|iPhone
		{57C48E8F-F436-43C5-9B72-8EAAFC59D13A}.Debug|Any CPU.Build.0 = Debug|iPhone
		{57C48E8F-F436-43C5-9B72-8EAAFC59D13A}.Debug|Any CPU.Deploy.0 = Debug|iPhone
		{57C48E8F-F436-43C5-9B72-8EAAFC59D13A}.Debug|iPhone.ActiveCfg = Debug|iPhone
		{57C48E8F-F436-43C5-9B72-8EAAFC59D13A}.Debug|iPhone.Build.0 = Debug|iPhone
		{57C48E8F-F436-43C5-9B72-8EAAFC59D13A}.Debug|iPhone.Deploy.0 = Debug|iPhone
		{57C48E8F-F436-43C5-9B72-8EAAFC59D13A}.Debug|iPhoneSimulator.ActiveCfg = Debug|iPhoneSimulator
		{57C48E8F-F436-43C5-9B72-8EAAFC59D13A}.Debug|iPhoneSimulator.Build.0 = Debug|iPhoneSimulator
		{57C48E8F-F436-43C5-9B72-8EAAFC59D13A}.Debug|iPhoneSimulator.Deploy.0 = Debug|iPhoneSimulator
		{57C48E8F-F436-43C5-9B72-8EAAFC59D13A}.Release|Any CPU.ActiveCfg = Release|iPhone
		{57C48E8F-F436-43C5-9B72-8EAAFC59D13A}.Release|Any CPU.Build.0 = Release|iPhone
		{57C48E8F-F436-43C5-9B72-8EAAFC59D13A}.Release|Any CPU.Deploy.0 = Release|iPhone
		{57C48E8F-F436-43C5-9B72-8EAAFC59D13A}.Release|iPhone.ActiveCfg = Release|iPhone
		{57C48E8F-F436-43C5-9B72-8EAAFC59D13A}.Release|iPhone.Build.0 = Release|iPhone
		{57C48E8F-F436-43C5-9B72-8EAAFC59D13A}.Release|iPhone.Deploy.0 = Release|iPhone
		{57C48E8F-F436-43C5-9B72-8EAAFC59D13A}.Release|iPhoneSimulator.ActiveCfg = Release|iPhoneSimulator
		{57C48E8F-F436-43C5-9B72-8EAAFC59D13A}.Release|iPhoneSimulator.Build.0 = Release|iPhoneSimulator
		{57C48E8F-F436-43C5-9B72-8EAAFC59D13A}.Release|iPhoneSimulator.Deploy.0 = Release|iPhoneSimulator
		{3F288B70-351C-4B28-ADA8-697343703B16}.Debug|Any CPU.ActiveCfg = Debug|Any CPU
		{3F288B70-351C-4B28-ADA8-697343703B16}.Debug|Any CPU.Build.0 = Debug|Any CPU
		{3F288B70-351C-4B28-ADA8-697343703B16}.Debug|Any CPU.Deploy.0 = Debug|Any CPU
		{3F288B70-351C-4B28-ADA8-697343703B16}.Debug|iPhone.ActiveCfg = Debug|Any CPU
		{3F288B70-351C-4B28-ADA8-697343703B16}.Debug|iPhone.Build.0 = Debug|Any CPU
		{3F288B70-351C-4B28-ADA8-697343703B16}.Debug|iPhone.Deploy.0 = Debug|Any CPU
		{3F288B70-351C-4B28-ADA8-697343703B16}.Debug|iPhoneSimulator.ActiveCfg = Debug|Any CPU
		{3F288B70-351C-4B28-ADA8-697343703B16}.Debug|iPhoneSimulator.Build.0 = Debug|Any CPU
		{3F288B70-351C-4B28-ADA8-697343703B16}.Debug|iPhoneSimulator.Deploy.0 = Debug|Any CPU
		{3F288B70-351C-4B28-ADA8-697343703B16}.Release|Any CPU.ActiveCfg = Release|Any CPU
		{3F288B70-351C-4B28-ADA8-697343703B16}.Release|Any CPU.Build.0 = Release|Any CPU
		{3F288B70-351C-4B28-ADA8-697343703B16}.Release|Any CPU.Deploy.0 = Release|Any CPU
		{3F288B70-351C-4B28-ADA8-697343703B16}.Release|iPhone.ActiveCfg = Release|Any CPU
		{3F288B70-351C-4B28-ADA8-697343703B16}.Release|iPhone.Build.0 = Release|Any CPU
		{3F288B70-351C-4B28-ADA8-697343703B16}.Release|iPhone.Deploy.0 = Release|Any CPU
		{3F288B70-351C-4B28-ADA8-697343703B16}.Release|iPhoneSimulator.ActiveCfg = Release|Any CPU
		{3F288B70-351C-4B28-ADA8-697343703B16}.Release|iPhoneSimulator.Build.0 = Release|Any CPU
		{3F288B70-351C-4B28-ADA8-697343703B16}.Release|iPhoneSimulator.Deploy.0 = Release|Any CPU
	EndGlobalSection
	GlobalSection(SolutionProperties) = preSolution
		HideSolutionNode = FALSE
	EndGlobalSection
	GlobalSection(ExtensibilityGlobals) = postSolution
		SolutionGuid = {1FA06B70-1F85-4B79-8966-A5BDD5EBCAD7}
	EndGlobalSection
EndGlobal
